
Microsoft Visual Studio Solution File, Format Version 12.00
# Visual Studio 15
VisualStudioVersion = 15.0.28010.2003
MinimumVisualStudioVersion = 10.0.40219.1
Project("{9A19103F-16F7-4668-BE54-9A1E7A4F7556}") = "TicToeWebsite", "TicToeWebsite\TicToeWebsite.csproj", "{0D3EEDA6-1B9B-4E92-BF92-4643009EEA3B}"
EndProject
Project("{FAE04EC0-301F-11D3-BF4B-00C04F79EFBC}") = "ConsoleApp1", "ConsoleApp1\ConsoleApp1.csproj", "{83B09222-C28D-4F4D-95FB-764EC19B8F3A}"
EndProject
Global
	GlobalSection(SolutionConfigurationPlatforms) = preSolution
		Debug|Any CPU = Debug|Any CPU
		Release|Any CPU = Release|Any CPU
	EndGlobalSection
	GlobalSection(ProjectConfigurationPlatforms) = postSolution
		{0D3EEDA6-1B9B-4E92-BF92-4643009EEA3B}.Debug|Any CPU.ActiveCfg = Debug|Any CPU
		{0D3EEDA6-1B9B-4E92-BF92-4643009EEA3B}.Debug|Any CPU.Build.0 = Debug|Any CPU
		{0D3EEDA6-1B9B-4E92-BF92-4643009EEA3B}.Release|Any CPU.ActiveCfg = Release|Any CPU
		{0D3EEDA6-1B9B-4E92-BF92-4643009EEA3B}.Release|Any CPU.Build.0 = Release|Any CPU
		{83B09222-C28D-4F4D-95FB-764EC19B8F3A}.Debug|Any CPU.ActiveCfg = Debug|Any CPU
		{83B09222-C28D-4F4D-95FB-764EC19B8F3A}.Debug|Any CPU.Build.0 = Debug|Any CPU
		{83B09222-C28D-4F4D-95FB-764EC19B8F3A}.Release|Any CPU.ActiveCfg = Release|Any CPU
		{83B09222-C28D-4F4D-95FB-764EC19B8F3A}.Release|Any CPU.Build.0 = Release|Any CPU
	EndGlobalSection
	GlobalSection(SolutionProperties) = preSolution
		HideSolutionNode = FALSE
	EndGlobalSection
	GlobalSection(ExtensibilityGlobals) = postSolution
		SolutionGuid = {ADEB679E-A589-4EEB-9A4C-CF99491884B6}
	EndGlobalSection
EndGlobal
